{
  "name": "qiaomu-ai-access",
  "version": "0.1.0",
  "lockfileVersion": 3,
  "requires": true,
  "packages": {
    "": {
      "name": "qiaomu-ai-access",
      "version": "0.1.0",
      "license": "MIT",
      "dependencies": {
        "is-china-user": "^1.7.0"
      },
      "bin": {
        "qiaomu-ai-access": "scripts/ai_access_check.mjs"
      },
      "engines": {
        "node": ">=20"
      }
    },
    "node_modules/is-china-user": {
      "version": "1.7.0",
      "resolved": "https://registry.npmjs.org/is-china-user/-/is-china-user-1.7.0.tgz",
      "integrity": "sha512-qVhmz+TwK8+WWtEILYZd9tgt7oNsVj0T6VaMqiUlGOltZ64/HTJ4iszNu2KBRM5marxN9BNiMcJjRENsJau6Aw=="
    }
  }
}
